
Microsoft Visual Studio Solution File, Format Version 12.00
# Visual Studio Version 17
VisualStudioVersion = 17.4.33122.133
MinimumVisualStudioVersion = 10.0.40219.1
Project("{FAE04EC0-301F-11D3-BF4B-00C04F79EFBC}") = "ProdutoV2", "ProdutoV2\ProdutoV2.csproj", "{90C76780-91A7-4FD3-99C7-60C33C9A99BA}"
EndProject
Global
	GlobalSection(SolutionConfigurationPlatforms) = preSolution
		Debug|Any CPU = Debug|Any CPU
		Release|Any CPU = Release|Any CPU
	EndGlobalSection
	GlobalSection(ProjectConfigurationPlatforms) = postSolution
		{90C76780-91A7-4FD3-99C7-60C33C9A99BA}.Debug|Any CPU.ActiveCfg = Debug|Any CPU
		{90C76780-91A7-4FD3-99C7-60C33C9A99BA}.Debug|Any CPU.Build.0 = Debug|Any CPU
		{90C76780-91A7-4FD3-99C7-60C33C9A99BA}.Release|Any CPU.ActiveCfg = Release|Any CPU
		{90C76780-91A7-4FD3-99C7-60C33C9A99BA}.Release|Any CPU.Build.0 = Release|Any CPU
	EndGlobalSection
	GlobalSection(SolutionProperties) = preSolution
		HideSolutionNode = FALSE
	EndGlobalSection
	GlobalSection(ExtensibilityGlobals) = postSolution
		SolutionGuid = {4F515C60-DB13-44BE-A7D7-D264CC0776E5}
	EndGlobalSection
EndGlobal
