
Microsoft Visual Studio Solution File, Format Version 12.00
# Visual Studio Version 17
VisualStudioVersion = 17.3.32929.385
MinimumVisualStudioVersion = 10.0.40219.1
Project("{FAE04EC0-301F-11D3-BF4B-00C04F79EFBC}") = "ClassProduto", "ClassProduto\ClassProduto.csproj", "{C1B894DE-7057-4627-B8C6-615BEC3D3538}"
EndProject
Global
	GlobalSection(SolutionConfigurationPlatforms) = preSolution
		Debug|Any CPU = Debug|Any CPU
		Release|Any CPU = Release|Any CPU
	EndGlobalSection
	GlobalSection(ProjectConfigurationPlatforms) = postSolution
		{C1B894DE-7057-4627-B8C6-615BEC3D3538}.Debug|Any CPU.ActiveCfg = Debug|Any CPU
		{C1B894DE-7057-4627-B8C6-615BEC3D3538}.Debug|Any CPU.Build.0 = Debug|Any CPU
		{C1B894DE-7057-4627-B8C6-615BEC3D3538}.Release|Any CPU.ActiveCfg = Release|Any CPU
		{C1B894DE-7057-4627-B8C6-615BEC3D3538}.Release|Any CPU.Build.0 = Release|Any CPU
	EndGlobalSection
	GlobalSection(SolutionProperties) = preSolution
		HideSolutionNode = FALSE
	EndGlobalSection
	GlobalSection(ExtensibilityGlobals) = postSolution
		SolutionGuid = {018E4D39-5126-45AB-B334-15D290D6AAC8}
	EndGlobalSection
EndGlobal
