
Microsoft Visual Studio Solution File, Format Version 12.00
# Visual Studio Version 17
VisualStudioVersion = 17.3.32929.385
MinimumVisualStudioVersion = 10.0.40219.1
Project("{FAE04EC0-301F-11D3-BF4B-00C04F79EFBC}") = "MediaAluno", "MediaAluno\MediaAluno.csproj", "{DAFD8394-B169-470A-9CBB-2CD9F9905014}"
EndProject
Global
	GlobalSection(SolutionConfigurationPlatforms) = preSolution
		Debug|Any CPU = Debug|Any CPU
		Release|Any CPU = Release|Any CPU
	EndGlobalSection
	GlobalSection(ProjectConfigurationPlatforms) = postSolution
		{DAFD8394-B169-470A-9CBB-2CD9F9905014}.Debug|Any CPU.ActiveCfg = Debug|Any CPU
		{DAFD8394-B169-470A-9CBB-2CD9F9905014}.Debug|Any CPU.Build.0 = Debug|Any CPU
		{DAFD8394-B169-470A-9CBB-2CD9F9905014}.Release|Any CPU.ActiveCfg = Release|Any CPU
		{DAFD8394-B169-470A-9CBB-2CD9F9905014}.Release|Any CPU.Build.0 = Release|Any CPU
	EndGlobalSection
	GlobalSection(SolutionProperties) = preSolution
		HideSolutionNode = FALSE
	EndGlobalSection
	GlobalSection(ExtensibilityGlobals) = postSolution
		SolutionGuid = {2857B656-D88C-4866-8948-70F6402EAD62}
	EndGlobalSection
EndGlobal
