
Microsoft Visual Studio Solution File, Format Version 12.00
# Visual Studio Version 17
VisualStudioVersion = 17.3.32929.385
MinimumVisualStudioVersion = 10.0.40219.1
Project("{FAE04EC0-301F-11D3-BF4B-00C04F79EFBC}") = "ClassPerimetro", "ClassPerimetro\ClassPerimetro.csproj", "{ACF0F25A-7D3D-4C0F-AE8A-F42664A87A98}"
EndProject
Global
	GlobalSection(SolutionConfigurationPlatforms) = preSolution
		Debug|Any CPU = Debug|Any CPU
		Release|Any CPU = Release|Any CPU
	EndGlobalSection
	GlobalSection(ProjectConfigurationPlatforms) = postSolution
		{ACF0F25A-7D3D-4C0F-AE8A-F42664A87A98}.Debug|Any CPU.ActiveCfg = Debug|Any CPU
		{ACF0F25A-7D3D-4C0F-AE8A-F42664A87A98}.Debug|Any CPU.Build.0 = Debug|Any CPU
		{ACF0F25A-7D3D-4C0F-AE8A-F42664A87A98}.Release|Any CPU.ActiveCfg = Release|Any CPU
		{ACF0F25A-7D3D-4C0F-AE8A-F42664A87A98}.Release|Any CPU.Build.0 = Release|Any CPU
	EndGlobalSection
	GlobalSection(SolutionProperties) = preSolution
		HideSolutionNode = FALSE
	EndGlobalSection
	GlobalSection(ExtensibilityGlobals) = postSolution
		SolutionGuid = {6FF00139-BEB8-48F2-842A-071A4FA87917}
	EndGlobalSection
EndGlobal
